hash: 1d5fcf2a90f7621ecbc0b1abed548e11d13bda3fea49b4326c829a523268e5cf
updated: 2016-06-12T17:35:14.27036884+08:00
imports:
- name: github.com/bradfitz/gomemcache
  version: 2fafb84a66c4911e11a8f50955b01e74fe3ab9c5
  subpackages:
  - memcache
- name: github.com/urfave/cli
  version: 347a9884a87374d000eec7e6445a34487c1f4a2b
- name: github.com/go-macaron/binding
  version: 48920167fa152d02f228cfbece7e0f1e452d200a
- name: github.com/go-macaron/cache
  version: 56173531277692bc2925924d51fda1cd0a6b8178
  subpackages:
  - memcache
  - redis
- name: github.com/go-macaron/captcha
  version: 8aa5919789ab301e865595eb4b1114d6b9847deb
- name: github.com/go-macaron/csrf
  version: 6a9a7df172cc1fcd81e4585f44b09200b6087cc0
- name: github.com/go-macaron/gzip
  version: cad1c6580a07c56f5f6bc52d66002a05985c5854
- name: github.com/go-macaron/i18n
  version: ef57533c3b0fc2d8581deda14937e52f11a203ab
- name: github.com/go-macaron/inject
  version: d8a0b8677191f4380287cfebd08e462217bac7ad
- name: github.com/go-macaron/session
  version: 66031fcb37a0fff002a1f028eb0b3a815c78306b
  subpackages:
  - redis
- name: github.com/go-macaron/toolbox
  version: 82b511550b0aefc36b3a28062ad3a52e812bee38
- name: github.com/go-sql-driver/mysql
  version: 2e00b5cd70399450106cec6431c2e2ce3cae5034
- name: github.com/go-xorm/builder
  version: 867edcc549127f15667ece8876c3a60093c9634b
- name: github.com/go-xorm/core
  version: 2fbe2c76c6781d9e1c0398fc25386426e611f975
- name: github.com/go-xorm/xorm
  version: 445a934d32ed0934aedf0ef99b4b7c69b22f8e58
- name: github.com/gogits/chardet
  version: 2404f777256163ea3eadb273dada5dcb037993c0
- name: github.com/gogits/cron
  version: 2fc07a4c4f1e3c4d2301c5ed578d5e2c31c70421
- name: github.com/gogits/git-module
  version: df1013f8eb4dc70de90bc5597bf560a4b7da802e
- name: github.com/gogits/go-gogs-client
  version: 98046bb98061fc6baa5bb86359af0b7c300d384a
- name: github.com/gogits/go-libravatar
  version: cd1abbd55d09b793672732a7a1dfdaa12a40dfd0
- name: github.com/issue9/identicon
  version: d36b54562f4cf70c83653e13dc95c220c79ef521
- name: github.com/jaytaylor/html2text
  version: d16d4129aab4e6be4497f4db898965f09b93b565
- name: github.com/kardianos/minwinsvc
  version: cad6b2b879b0970e4245a20ebf1a81a756e2bb70
- name: github.com/klauspost/compress
  version: 461e8fd8397ae84a23f56e385801e4feda2048ce
  subpackages:
  - gzip
  - flate
- name: github.com/klauspost/cpuid
  version: 09cded8978dc9e80714c4d85b0322337b0a1e5e0
- name: github.com/klauspost/crc32
  version: cb6bfca970f6908083f26f39a79009d608efd5cd
- name: github.com/lib/pq
  version: 67c3f2a8884c9b1aac5503c8d42ae4f73a93511c
  subpackages:
  - oid
- name: github.com/mattn/go-sqlite3
  version: ce9149a3c941c30de51a01dbc5bc414ddaa52927
- name: github.com/mcuadros/go-version
  version: 257f7b9a7d87427c8d7f89469a5958d57f8abd7c
- name: github.com/microcosm-cc/bluemonday
  version: e79763773ab6222ca1d5a7cbd9d62d83c1f77081
- name: github.com/msteinert/pam
  version: 02ccfbfaf0cc627aa3aec8ef7ed5cfeec5b43f63
- name: github.com/nfnt/resize
  version: 891127d8d1b52734debe1b3c3d7e747502b6c366
- name: github.com/russross/blackfriday
  version: 5f33e7b7878355cd2b7e6b8eefc48a5472c69f70
- name: github.com/satori/go.uuid
  version: b061729afc07e77a8aa4fad0a2fd840958f1942a
- name: github.com/sergi/go-diff
  version: 24e2351369ec4949b2ed0dc5c477afdd4c4034e8
  subpackages:
  - diffmatchpatch
- name: github.com/shurcooL/sanitized_anchor_name
  version: 1dba4b3954bc059efc3991ec364f9f9a35f597d2
- name: github.com/Unknwon/cae
  version: c6aac99ea2cae2ebaf23f26f76b04fe3fcfc9f8c
  subpackages:
  - zip
- name: github.com/Unknwon/com
  version: 28b053d5a2923b87ce8c5a08f3af779894a72758
- name: github.com/Unknwon/i18n
  version: 39d6f2727e0698b1021ceb6a77c1801aa92e7d5d
- name: github.com/Unknwon/paginater
  version: 701c23f468663c34d1b1768c3ae1bcc57e11c5b3
- name: golang.org/x/crypto
  version: dc137beb6cce2043eb6b5f223ab8bf51c32459f4
  subpackages:
  - ssh
  - curve25519
  - ed25519
  - ed25519/internal/edwards25519
- name: golang.org/x/net
  version: f2499483f923065a842d38eb4c7f1927e6fc6e6d
  subpackages:
  - html
  - html/charset
  - html/atom
- name: golang.org/x/sys
  version: d75a52659825e75fff6158388dddc6a5b04f9ba5
  subpackages:
  - windows/svc
  - windows
- name: golang.org/x/text
  version: ece019dcfd29abcf65d0d1dfe145e8faad097640
  subpackages:
  - transform
  - language
  - encoding
  - encoding/charmap
  - encoding/htmlindex
  - internal/tag
  - encoding/internal/identifier
  - encoding/internal
  - encoding/japanese
  - encoding/korean
  - encoding/simplifiedchinese
  - encoding/traditionalchinese
  - encoding/unicode
  - internal/utf8internal
  - runes
- name: gopkg.in/alexcesaro/quotedprintable.v3
  version: 2caba252f4dc53eaf6b553000885530023f54623
- name: gopkg.in/asn1-ber.v1
  version: 4e86f4367175e39f69d9358a5f17b4dda270378d
- name: gopkg.in/bufio.v1
  version: 567b2bfa514e796916c4747494d6ff5132a1dfce
- name: gopkg.in/editorconfig/editorconfig-core-go.v1
  version: a872f05c2e34b37b567401384d202aff11ba06d4
- name: gopkg.in/gomail.v2
  version: 81ebce5c23dfd25c6c67194b37d3dd3f338c98b1
- name: gopkg.in/ini.v1
  version: e3c2d47c61e5333f9aa2974695dd94396eb69c75
- name: gopkg.in/ldap.v2
  version: 8168ee085ee43257585e50c6441aadf54ecb2c9f
- name: gopkg.in/macaron.v1
  version: 78521e4647ad5dcbabd5734d94582ca2373cbad8
- name: gopkg.in/redis.v2
  version: e6179049628164864e6e84e973cfb56335748dea
devImports: []
