hash: f2fa73b9a379e1fa12f2b48fb0b9942a545b4518a2d71cbd956ee81093347773
updated: 2016-05-30T01:35:21.725198078-07:00
imports:
- name: github.com/bradfitz/gomemcache
  version: fb1f79c6b65acda83063cbc69f6bba1522558bfc
  subpackages:
  - memcache
- name: github.com/codegangsta/cli
  version: 9a18ffad6c548ca4d458d4c30a8aa4d181cf92fa
- name: github.com/go-macaron/binding
  version: bd00823a7e9aa00cb3b1738fde244573ba7cce2c
- name: github.com/go-macaron/cache
  version: 56173531277692bc2925924d51fda1cd0a6b8178
  subpackages:
  - memcache
  - redis
- name: github.com/go-macaron/captcha
  version: 8aa5919789ab301e865595eb4b1114d6b9847deb
- name: github.com/go-macaron/csrf
  version: 6a9a7df172cc1fcd81e4585f44b09200b6087cc0
- name: github.com/go-macaron/gzip
  version: cad1c6580a07c56f5f6bc52d66002a05985c5854
- name: github.com/go-macaron/i18n
  version: d2d3329f13b52314f3292c4cecb601fad13f02c8
- name: github.com/go-macaron/inject
  version: c5ab7bf3a307593cd44cb272d1a5beea473dd072
- name: github.com/go-macaron/session
  version: 66031fcb37a0fff002a1f028eb0b3a815c78306b
  subpackages:
  - redis
- name: github.com/go-macaron/toolbox
  version: 82b511550b0aefc36b3a28062ad3a52e812bee38
- name: github.com/go-sql-driver/mysql
  version: 7ebe0a500653eeb1859664bed5e48dec1e164e73
- name: github.com/go-xorm/core
  version: edde1c5ab80e3cda107f6b93af6df894caba41ea
- name: github.com/go-xorm/xorm
  version: 8150bebe6a68d3e86a14e3aa0cbac4873c05131d
- name: github.com/gogits/chardet
  version: 2404f777256163ea3eadb273dada5dcb037993c0
- name: github.com/gogits/cron
  version: 533bf51786789fc86975601f316fead5cb16015d
- name: github.com/gogits/git-module
  version: 731b9be71bebac2fed60331a58abbdcbe2519094
- name: github.com/gogits/go-gogs-client
  version: 01270dfe22e92d99ce9402fedba4530ad8810100
- name: github.com/issue9/identicon
  version: d36b54562f4cf70c83653e13dc95c220c79ef521
- name: github.com/jaytaylor/html2text
  version: 52d9b785554a1918cb09909b89a1509a98b853fd
- name: github.com/kardianos/minwinsvc
  version: cad6b2b879b0970e4245a20ebf1a81a756e2bb70
- name: github.com/klauspost/compress
  version: 14eb9c4951195779ecfbec34431a976de7335b0a
  subpackages:
  - gzip
  - flate
- name: github.com/klauspost/cpuid
  version: 09cded8978dc9e80714c4d85b0322337b0a1e5e0
- name: github.com/klauspost/crc32
  version: 19b0b332c9e4516a6370a0456e6182c3b5036720
- name: github.com/lib/pq
  version: ee1442bda7bd1b6a84e913bdb421cb1874ec629d
  subpackages:
  - oid
- name: github.com/mattn/go-sqlite3
  version: 38ee283dabf11c9cbdb968eebd79b1fa7acbabe6
- name: github.com/mcuadros/go-version
  version: d52711f8d6bea8dc01efafdb68ad95a4e2606630
- name: github.com/microcosm-cc/bluemonday
  version: 4ac6f27528d0a3f2a59e0b0a6f6b3ff0bb89fe20
- name: github.com/msteinert/pam
  version: 02ccfbfaf0cc627aa3aec8ef7ed5cfeec5b43f63
- name: github.com/nfnt/resize
  version: 4d93a29130b1b6aba503e2aa8b50f516213ea80e
- name: github.com/russross/blackfriday
  version: 2004188462c3946efefbdcd91aa83e49b4175bfb
- name: github.com/satori/go.uuid
  version: f9ab0dce87d815821e221626b772e3475a0d2749
- name: github.com/sergi/go-diff
  version: ec7fdbb58eb3e300c8595ad5ac74a5aa50019cc7
  subpackages:
  - diffmatchpatch
- name: github.com/shurcooL/sanitized_anchor_name
  version: 10ef21a441db47d8b13ebcc5fd2310f636973c77
- name: github.com/Unknwon/cae
  version: 7f5e046bc8a6c3cde743c233b96ee4fd84ee6ecd
  subpackages:
  - zip
- name: github.com/Unknwon/com
  version: 28b053d5a2923b87ce8c5a08f3af779894a72758
- name: github.com/Unknwon/i18n
  version: 36ab726889618ef534ff5acd9a9041b97e661a98
- name: github.com/Unknwon/paginater
  version: 7748a72e01415173a27d79866b984328e7b0c12b
- name: golang.org/x/crypto
  version: 5bcd134fee4dd1475da17714aac19c0aa0142e2f
  subpackages:
  - ssh
  - curve25519
  - ed25519
  - ed25519/internal/edwards25519
- name: golang.org/x/net
  version: 30db96677b74e24b967e23f911eb3364fc61a011
  subpackages:
  - html
  - html/charset
  - html/atom
- name: golang.org/x/sys
  version: d4feaf1a7e61e1d9e79e6c4e76c6349e9cab0a03
  subpackages:
  - windows/svc
  - windows
- name: golang.org/x/text
  version: f773ec03ce334298742df7f3108fc0d402646d22
  subpackages:
  - transform
  - encoding
  - encoding/charmap
  - encoding/htmlindex
  - encoding/internal/identifier
  - encoding/internal
  - encoding/japanese
  - encoding/korean
  - encoding/simplifiedchinese
  - encoding/traditionalchinese
  - encoding/unicode
  - language
  - internal/utf8internal
  - runes
  - internal/tag
- name: gopkg.in/alexcesaro/quotedprintable.v3
  version: 2caba252f4dc53eaf6b553000885530023f54623
- name: gopkg.in/asn1-ber.v1
  version: 4e86f4367175e39f69d9358a5f17b4dda270378d
- name: gopkg.in/bufio.v1
  version: 567b2bfa514e796916c4747494d6ff5132a1dfce
- name: gopkg.in/gomail.v2
  version: 81ebce5c23dfd25c6c67194b37d3dd3f338c98b1
- name: gopkg.in/ini.v1
  version: 12f418cc7edc5a618a51407b7ac1f1f512139df3
- name: gopkg.in/ldap.v2
  version: 0e7db8eb77695b5a952f0e5d78df9ab160050c73
- name: gopkg.in/macaron.v1
  version: 94a5ef7105036242f79e5e07a8eb8651d06c8533
- name: gopkg.in/redis.v2
  version: e6179049628164864e6e84e973cfb56335748dea
devImports: []
