hash: 1d5fcf2a90f7621ecbc0b1abed548e11d13bda3fea49b4326c829a523268e5cf
updated: 2016-06-12T17:35:14.27036884+08:00
imports:
- name: github.com/bradfitz/gomemcache
  version: fb1f79c6b65acda83063cbc69f6bba1522558bfc
  subpackages:
  - memcache
- name: github.com/urfave/cli
  version: 1efa31f08b9333f1bd4882d61f9d668a70cd902e
- name: github.com/go-macaron/binding
  version: 9440f336b443056c90d7d448a0a55ad8c7599880
- name: github.com/go-macaron/cache
  version: 56173531277692bc2925924d51fda1cd0a6b8178
  subpackages:
  - memcache
  - redis
- name: github.com/go-macaron/captcha
  version: 8aa5919789ab301e865595eb4b1114d6b9847deb
- name: github.com/go-macaron/csrf
  version: 6a9a7df172cc1fcd81e4585f44b09200b6087cc0
- name: github.com/go-macaron/gzip
  version: cad1c6580a07c56f5f6bc52d66002a05985c5854
- name: github.com/go-macaron/i18n
  version: ef57533c3b0fc2d8581deda14937e52f11a203ab
- name: github.com/go-macaron/inject
  version: c5ab7bf3a307593cd44cb272d1a5beea473dd072
- name: github.com/go-macaron/session
  version: 66031fcb37a0fff002a1f028eb0b3a815c78306b
  subpackages:
  - redis
- name: github.com/go-macaron/toolbox
  version: 82b511550b0aefc36b3a28062ad3a52e812bee38
- name: github.com/go-sql-driver/mysql
  version: 0b58b37b664c21f3010e836f1b931e1d0b0b0685
- name: github.com/go-xorm/core
  version: 5bf745d7d163f4380e6c2bba8c4afa60534dd087
- name: github.com/go-xorm/xorm
  version: c6c705684057842d9854e8299dd51abb06ae29f5
- name: github.com/gogits/chardet
  version: 2404f777256163ea3eadb273dada5dcb037993c0
- name: github.com/gogits/cron
  version: 7f3990acf1833faa5ebd0e86f0a4c72a4b5eba3c
- name: github.com/gogits/git-module
  version: 5e0c1330d7853d1affbc193885d517db0f8d1ca5
- name: github.com/gogits/go-gogs-client
  version: c52f7ee0cc58d3cd6e379025552873a8df6de322
- name: github.com/issue9/identicon
  version: d36b54562f4cf70c83653e13dc95c220c79ef521
- name: github.com/jaytaylor/html2text
  version: 52d9b785554a1918cb09909b89a1509a98b853fd
- name: github.com/kardianos/minwinsvc
  version: cad6b2b879b0970e4245a20ebf1a81a756e2bb70
- name: github.com/klauspost/compress
  version: 14eb9c4951195779ecfbec34431a976de7335b0a
  subpackages:
  - gzip
  - flate
- name: github.com/klauspost/cpuid
  version: 09cded8978dc9e80714c4d85b0322337b0a1e5e0
- name: github.com/klauspost/crc32
  version: 19b0b332c9e4516a6370a0456e6182c3b5036720
- name: github.com/lib/pq
  version: 80f8150043c80fb52dee6bc863a709cdac7ec8f8
  subpackages:
  - oid
- name: github.com/mattn/go-sqlite3
  version: e118d4451349065b8e7ce0f0af32e033995363f8
- name: github.com/mcuadros/go-version
  version: d52711f8d6bea8dc01efafdb68ad95a4e2606630
- name: github.com/microcosm-cc/bluemonday
  version: 9dc199233bf72cc1aad9b61f73daf2f0075b9ee4
- name: github.com/msteinert/pam
  version: 02ccfbfaf0cc627aa3aec8ef7ed5cfeec5b43f63
- name: github.com/nfnt/resize
  version: 891127d8d1b52734debe1b3c3d7e747502b6c366
- name: github.com/russross/blackfriday
  version: 93622da34e54fb6529bfb7c57e710f37a8d9cbd8
- name: github.com/satori/go.uuid
  version: 0aa62d5ddceb50dbcb909d790b5345affd3669b6
- name: github.com/sergi/go-diff
  version: ec7fdbb58eb3e300c8595ad5ac74a5aa50019cc7
  subpackages:
  - diffmatchpatch
- name: github.com/strk/go-libravatar
  version: 5eed7bff870ae19ef51c5773dbc8f3e9fcbd0982
- name: github.com/shurcooL/sanitized_anchor_name
  version: 10ef21a441db47d8b13ebcc5fd2310f636973c77
- name: github.com/Unknwon/cae
  version: 7f5e046bc8a6c3cde743c233b96ee4fd84ee6ecd
  subpackages:
  - zip
- name: github.com/Unknwon/com
  version: 28b053d5a2923b87ce8c5a08f3af779894a72758
- name: github.com/Unknwon/i18n
  version: 39d6f2727e0698b1021ceb6a77c1801aa92e7d5d
- name: github.com/Unknwon/paginater
  version: 7748a72e01415173a27d79866b984328e7b0c12b
- name: golang.org/x/crypto
  version: bc89c496413265e715159bdc8478ee9a92fdc265
  subpackages:
  - ssh
  - curve25519
  - ed25519
  - ed25519/internal/edwards25519
- name: golang.org/x/net
  version: 57bfaa875b96fb91b4766077f34470528d4b03e9
  subpackages:
  - html
  - html/charset
  - html/atom
- name: golang.org/x/sys
  version: a646d33e2ee3172a661fc09bca23bb4889a41bc8
  subpackages:
  - windows/svc
  - windows
- name: golang.org/x/text
  version: 2910a502d2bf9e43193af9d68ca516529614eed3
  subpackages:
  - transform
  - language
  - encoding
  - encoding/charmap
  - encoding/htmlindex
  - internal/tag
  - encoding/internal/identifier
  - encoding/internal
  - encoding/japanese
  - encoding/korean
  - encoding/simplifiedchinese
  - encoding/traditionalchinese
  - encoding/unicode
  - internal/utf8internal
  - runes
- name: gopkg.in/alexcesaro/quotedprintable.v3
  version: 2caba252f4dc53eaf6b553000885530023f54623
- name: gopkg.in/asn1-ber.v1
  version: 4e86f4367175e39f69d9358a5f17b4dda270378d
- name: gopkg.in/bufio.v1
  version: 567b2bfa514e796916c4747494d6ff5132a1dfce
- name: gopkg.in/editorconfig/editorconfig-core-go.v1
  version: a872f05c2e34b37b567401384d202aff11ba06d4
- name: gopkg.in/gomail.v2
  version: 81ebce5c23dfd25c6c67194b37d3dd3f338c98b1
- name: gopkg.in/ini.v1
  version: cf53f9204df4fbdd7ec4164b57fa6184ba168292
- name: gopkg.in/ldap.v2
  version: d0a5ced67b4dc310b9158d63a2c6f9c5ec13f105
- name: gopkg.in/macaron.v1
  version: 4974334b10dbb6f5c0e17f4c10555ff050a16329
- name: gopkg.in/redis.v2
  version: e6179049628164864e6e84e973cfb56335748dea
devImports: []
